
Microsoft Visual Studio Solution File, Format Version 12.00
# Visual Studio Version 16
VisualStudioVersion = 16.0.30711.63
MinimumVisualStudioVersion = 15.0.26124.0
Project("{9A19103F-16F7-4668-BE54-9A1E7A4F7556}") = "Api", "Api\Api.csproj", "{732A9321-A535-4D81-85B8-9789DF480D00}"
EndProject
Project("{9A19103F-16F7-4668-BE54-9A1E7A4F7556}") = "Infrastructure", "Infrastructure\Infrastructure.csproj", "{226B483D-93D0-4DFA-BC73-1EF892B3AB7A}"
EndProject
Project("{9A19103F-16F7-4668-BE54-9A1E7A4F7556}") = "Core", "Core\Core.csproj", "{66FFD277-E0B4-4AC1-98B6-E566FAD6A13E}"
EndProject
Project("{9A19103F-16F7-4668-BE54-9A1E7A4F7556}") = "Api.Tests", "Api.Tests\Api.Tests.csproj", "{F5DD96FA-5167-499C-97C6-F6AF8ABF8512}"
EndProject
Global
	GlobalSection(SolutionConfigurationPlatforms) = preSolution
		Debug|Any CPU = Debug|Any CPU
		Debug|x64 = Debug|x64
		Debug|x86 = Debug|x86
		Release|Any CPU = Release|Any CPU
		Release|x64 = Release|x64
		Release|x86 = Release|x86
	EndGlobalSection
	GlobalSection(ProjectConfigurationPlatforms) = postSolution
		{732A9321-A535-4D81-85B8-9789DF480D00}.Debug|Any CPU.ActiveCfg = Debug|Any CPU
		{732A9321-A535-4D81-85B8-9789DF480D00}.Debug|Any CPU.Build.0 = Debug|Any CPU
		{732A9321-A535-4D81-85B8-9789DF480D00}.Debug|x64.ActiveCfg = Debug|Any CPU
		{732A9321-A535-4D81-85B8-9789DF480D00}.Debug|x64.Build.0 = Debug|Any CPU
		{732A9321-A535-4D81-85B8-9789DF480D00}.Debug|x86.ActiveCfg = Debug|Any CPU
		{732A9321-A535-4D81-85B8-9789DF480D00}.Debug|x86.Build.0 = Debug|Any CPU
		{732A9321-A535-4D81-85B8-9789DF480D00}.Release|Any CPU.ActiveCfg = Release|Any CPU
		{732A9321-A535-4D81-85B8-9789DF480D00}.Release|Any CPU.Build.0 = Release|Any CPU
		{732A9321-A535-4D81-85B8-9789DF480D00}.Release|x64.ActiveCfg = Release|Any CPU
		{732A9321-A535-4D81-85B8-9789DF480D00}.Release|x64.Build.0 = Release|Any CPU
		{732A9321-A535-4D81-85B8-9789DF480D00}.Release|x86.ActiveCfg = Release|Any CPU
		{732A9321-A535-4D81-85B8-9789DF480D00}.Release|x86.Build.0 = Release|Any CPU
		{226B483D-93D0-4DFA-BC73-1EF892B3AB7A}.Debug|Any CPU.ActiveCfg = Debug|Any CPU
		{226B483D-93D0-4DFA-BC73-1EF892B3AB7A}.Debug|Any CPU.Build.0 = Debug|Any CPU
		{226B483D-93D0-4DFA-BC73-1EF892B3AB7A}.Debug|x64.ActiveCfg = Debug|Any CPU
		{226B483D-93D0-4DFA-BC73-1EF892B3AB7A}.Debug|x64.Build.0 = Debug|Any CPU
		{226B483D-93D0-4DFA-BC73-1EF892B3AB7A}.Debug|x86.ActiveCfg = Debug|Any CPU
		{226B483D-93D0-4DFA-BC73-1EF892B3AB7A}.Debug|x86.Build.0 = Debug|Any CPU
		{226B483D-93D0-4DFA-BC73-1EF892B3AB7A}.Release|Any CPU.ActiveCfg = Release|Any CPU
		{226B483D-93D0-4DFA-BC73-1EF892B3AB7A}.Release|Any CPU.Build.0 = Release|Any CPU
		{226B483D-93D0-4DFA-BC73-1EF892B3AB7A}.Release|x64.ActiveCfg = Release|Any CPU
		{226B483D-93D0-4DFA-BC73-1EF892B3AB7A}.Release|x64.Build.0 = Release|Any CPU
		{226B483D-93D0-4DFA-BC73-1EF892B3AB7A}.Release|x86.ActiveCfg = Release|Any CPU
		{226B483D-93D0-4DFA-BC73-1EF892B3AB7A}.Release|x86.Build.0 = Release|Any CPU
		{66FFD277-E0B4-4AC1-98B6-E566FAD6A13E}.Debug|Any CPU.ActiveCfg = Debug|Any CPU
		{66FFD277-E0B4-4AC1-98B6-E566FAD6A13E}.Debug|Any CPU.Build.0 = Debug|Any CPU
		{66FFD277-E0B4-4AC1-98B6-E566FAD6A13E}.Debug|x64.ActiveCfg = Debug|Any CPU
		{66FFD277-E0B4-4AC1-98B6-E566FAD6A13E}.Debug|x64.Build.0 = Debug|Any CPU
		{66FFD277-E0B4-4AC1-98B6-E566FAD6A13E}.Debug|x86.ActiveCfg = Debug|Any CPU
		{66FFD277-E0B4-4AC1-98B6-E566FAD6A13E}.Debug|x86.Build.0 = Debug|Any CPU
		{66FFD277-E0B4-4AC1-98B6-E566FAD6A13E}.Release|Any CPU.ActiveCfg = Release|Any CPU
		{66FFD277-E0B4-4AC1-98B6-E566FAD6A13E}.Release|Any CPU.Build.0 = Release|Any CPU
		{66FFD277-E0B4-4AC1-98B6-E566FAD6A13E}.Release|x64.ActiveCfg = Release|Any CPU
		{66FFD277-E0B4-4AC1-98B6-E566FAD6A13E}.Release|x64.Build.0 = Release|Any CPU
		{66FFD277-E0B4-4AC1-98B6-E566FAD6A13E}.Release|x86.ActiveCfg = Release|Any CPU
		{66FFD277-E0B4-4AC1-98B6-E566FAD6A13E}.Release|x86.Build.0 = Release|Any CPU
		{F5DD96FA-5167-499C-97C6-F6AF8ABF8512}.Debug|Any CPU.ActiveCfg = Debug|Any CPU
		{F5DD96FA-5167-499C-97C6-F6AF8ABF8512}.Debug|Any CPU.Build.0 = Debug|Any CPU
		{F5DD96FA-5167-499C-97C6-F6AF8ABF8512}.Debug|x64.ActiveCfg = Debug|Any CPU
		{F5DD96FA-5167-499C-97C6-F6AF8ABF8512}.Debug|x64.Build.0 = Debug|Any CPU
		{F5DD96FA-5167-499C-97C6-F6AF8ABF8512}.Debug|x86.ActiveCfg = Debug|Any CPU
		{F5DD96FA-5167-499C-97C6-F6AF8ABF8512}.Debug|x86.Build.0 = Debug|Any CPU
		{F5DD96FA-5167-499C-97C6-F6AF8ABF8512}.Release|Any CPU.ActiveCfg = Release|Any CPU
		{F5DD96FA-5167-499C-97C6-F6AF8ABF8512}.Release|Any CPU.Build.0 = Release|Any CPU
		{F5DD96FA-5167-499C-97C6-F6AF8ABF8512}.Release|x64.ActiveCfg = Release|Any CPU
		{F5DD96FA-5167-499C-97C6-F6AF8ABF8512}.Release|x64.Build.0 = Release|Any CPU
		{F5DD96FA-5167-499C-97C6-F6AF8ABF8512}.Release|x86.ActiveCfg = Release|Any CPU
		{F5DD96FA-5167-499C-97C6-F6AF8ABF8512}.Release|x86.Build.0 = Release|Any CPU
	EndGlobalSection
	GlobalSection(SolutionProperties) = preSolution
		HideSolutionNode = FALSE
	EndGlobalSection
	GlobalSection(ExtensibilityGlobals) = postSolution
		SolutionGuid = {BF011290-E1AD-4CEF-B729-8FC4297A742D}
	EndGlobalSection
EndGlobal
